
Microsoft Visual Studio Solution File, Format Version 12.00
# Visual Studio Version 16
VisualStudioVersion = 16.0.29324.140
MinimumVisualStudioVersion = 10.0.40219.1
Project("{FAE04EC0-301F-11D3-BF4B-00C04F79EFBC}") = "Solitaire", "Solitaire\Solitaire.csproj", "{1A05BB34-F9AD-449A-8980-C2C22EF55035}"
EndProject
Project("{FAE04EC0-301F-11D3-BF4B-00C04F79EFBC}") = "Server", "Server\Server.csproj", "{D53B07E6-EACD-40B7-AB77-21C1CBFAFB5F}"
EndProject
Project("{FAE04EC0-301F-11D3-BF4B-00C04F79EFBC}") = "Test", "Test\Test.csproj", "{45BAA52A-C12E-4237-9CC8-BE27993440DD}"
EndProject
Project("{FAE04EC0-301F-11D3-BF4B-00C04F79EFBC}") = "Core", "Core\Core.csproj", "{97A16CAC-DD60-4A68-8D49-8D6E7886C1AA}"
EndProject
Global
	GlobalSection(SolutionConfigurationPlatforms) = preSolution
		Debug|Any CPU = Debug|Any CPU
		Release|Any CPU = Release|Any CPU
	EndGlobalSection
	GlobalSection(ProjectConfigurationPlatforms) = postSolution
		{1A05BB34-F9AD-449A-8980-C2C22EF55035}.Debug|Any CPU.ActiveCfg = Debug|Any CPU
		{1A05BB34-F9AD-449A-8980-C2C22EF55035}.Debug|Any CPU.Build.0 = Debug|Any CPU
		{1A05BB34-F9AD-449A-8980-C2C22EF55035}.Release|Any CPU.ActiveCfg = Release|Any CPU
		{1A05BB34-F9AD-449A-8980-C2C22EF55035}.Release|Any CPU.Build.0 = Release|Any CPU
		{D53B07E6-EACD-40B7-AB77-21C1CBFAFB5F}.Debug|Any CPU.ActiveCfg = Debug|Any CPU
		{D53B07E6-EACD-40B7-AB77-21C1CBFAFB5F}.Debug|Any CPU.Build.0 = Debug|Any CPU
		{D53B07E6-EACD-40B7-AB77-21C1CBFAFB5F}.Release|Any CPU.ActiveCfg = Release|Any CPU
		{D53B07E6-EACD-40B7-AB77-21C1CBFAFB5F}.Release|Any CPU.Build.0 = Release|Any CPU
		{45BAA52A-C12E-4237-9CC8-BE27993440DD}.Debug|Any CPU.ActiveCfg = Debug|Any CPU
		{45BAA52A-C12E-4237-9CC8-BE27993440DD}.Debug|Any CPU.Build.0 = Debug|Any CPU
		{45BAA52A-C12E-4237-9CC8-BE27993440DD}.Release|Any CPU.ActiveCfg = Release|Any CPU
		{45BAA52A-C12E-4237-9CC8-BE27993440DD}.Release|Any CPU.Build.0 = Release|Any CPU
		{97A16CAC-DD60-4A68-8D49-8D6E7886C1AA}.Debug|Any CPU.ActiveCfg = Debug|Any CPU
		{97A16CAC-DD60-4A68-8D49-8D6E7886C1AA}.Debug|Any CPU.Build.0 = Debug|Any CPU
		{97A16CAC-DD60-4A68-8D49-8D6E7886C1AA}.Release|Any CPU.ActiveCfg = Release|Any CPU
		{97A16CAC-DD60-4A68-8D49-8D6E7886C1AA}.Release|Any CPU.Build.0 = Release|Any CPU
	EndGlobalSection
	GlobalSection(SolutionProperties) = preSolution
		HideSolutionNode = FALSE
	EndGlobalSection
	GlobalSection(ExtensibilityGlobals) = postSolution
		SolutionGuid = {E61787C5-AF12-4249-967B-340C52A42CDF}
	EndGlobalSection
EndGlobal
